
Microsoft Visual Studio Solution File, Format Version 12.00
# Visual Studio 15
VisualStudioVersion = 15.0.26730.16
MinimumVisualStudioVersion = 10.0.40219.1
Project("{FAE04EC0-301F-11D3-BF4B-00C04F79EFBC}") = "CarRentLib", "CarRentLib\CarRentLib.csproj", "{376D8158-79AB-484E-AB16-D831AEF6632B}"
EndProject
Project("{FAE04EC0-301F-11D3-BF4B-00C04F79EFBC}") = "UnitTestCarRentLibrary", "UnitTestCarRentLibrary\UnitTestCarRentLibrary.csproj", "{521EFF05-039D-4B68-95A3-23DF45E9961A}"
EndProject
Global
	GlobalSection(SolutionConfigurationPlatforms) = preSolution
		Debug|Any CPU = Debug|Any CPU
		Release|Any CPU = Release|Any CPU
	EndGlobalSection
	GlobalSection(ProjectConfigurationPlatforms) = postSolution
		{376D8158-79AB-484E-AB16-D831AEF6632B}.Debug|Any CPU.ActiveCfg = Debug|Any CPU
		{376D8158-79AB-484E-AB16-D831AEF6632B}.Debug|Any CPU.Build.0 = Debug|Any CPU
		{376D8158-79AB-484E-AB16-D831AEF6632B}.Release|Any CPU.ActiveCfg = Release|Any CPU
		{376D8158-79AB-484E-AB16-D831AEF6632B}.Release|Any CPU.Build.0 = Release|Any CPU
		{521EFF05-039D-4B68-95A3-23DF45E9961A}.Debug|Any CPU.ActiveCfg = Debug|Any CPU
		{521EFF05-039D-4B68-95A3-23DF45E9961A}.Debug|Any CPU.Build.0 = Debug|Any CPU
		{521EFF05-039D-4B68-95A3-23DF45E9961A}.Release|Any CPU.ActiveCfg = Release|Any CPU
		{521EFF05-039D-4B68-95A3-23DF45E9961A}.Release|Any CPU.Build.0 = Release|Any CPU
	EndGlobalSection
	GlobalSection(SolutionProperties) = preSolution
		HideSolutionNode = FALSE
	EndGlobalSection
	GlobalSection(ExtensibilityGlobals) = postSolution
		SolutionGuid = {6150CE6B-AEA0-4AE4-8F6F-BC503EA76783}
	EndGlobalSection
EndGlobal
